
Microsoft Visual Studio Solution File, Format Version 12.00
# Visual Studio Version 16
VisualStudioVersion = 16.0.30413.136
MinimumVisualStudioVersion = 10.0.40219.1
Project("{FAE04EC0-301F-11D3-BF4B-00C04F79EFBC}") = "ChartINR", "ChartINR\ChartINR.csproj", "{E9025DD0-C4C0-443D-AF3E-2758363716C9}"
EndProject
Global
	GlobalSection(SolutionConfigurationPlatforms) = preSolution
		Debug|Any CPU = Debug|Any CPU
		Release|Any CPU = Release|Any CPU
	EndGlobalSection
	GlobalSection(ProjectConfigurationPlatforms) = postSolution
		{E9025DD0-C4C0-443D-AF3E-2758363716C9}.Debug|Any CPU.ActiveCfg = Debug|Any CPU
		{E9025DD0-C4C0-443D-AF3E-2758363716C9}.Debug|Any CPU.Build.0 = Debug|Any CPU
		{E9025DD0-C4C0-443D-AF3E-2758363716C9}.Release|Any CPU.ActiveCfg = Release|Any CPU
		{E9025DD0-C4C0-443D-AF3E-2758363716C9}.Release|Any CPU.Build.0 = Release|Any CPU
	EndGlobalSection
	GlobalSection(SolutionProperties) = preSolution
		HideSolutionNode = FALSE
	EndGlobalSection
	GlobalSection(ExtensibilityGlobals) = postSolution
		SolutionGuid = {6C195C70-7C60-44CA-AE56-BF5AEFA191A9}
	EndGlobalSection
EndGlobal
